{
	"name": "eggshell-opentracing-free",
	"version": "0.0.2",
	"lockfileVersion": 1,
	"requires": true,
	"dependencies": {
		"address": {
			"version": "1.1.2",
			"resolved": "https://registry.npmjs.org/address/-/address-1.1.2.tgz",
			"integrity": "sha512-aT6camzM4xEA54YVJYSqxz1kv4IHnQZRtThJJHhUMRExaU5spC7jX5ugSwTaTgJliIgs4VhZOk7htClvQ/LmRA=="
		},
		"opentracing": {
			"version": "0.14.4",
			"resolved": "https://registry.npmjs.org/opentracing/-/opentracing-0.14.4.tgz",
			"integrity": "sha512-nNnZDkUNExBwEpb7LZaeMeQgvrlO8l4bgY/LvGNZCR0xG/dGWqHqjKrAmR5GUoYo0FIz38kxasvA1aevxWs2CA=="
		}
	}
}
